schema: '2.0'
stages:
  data_load:
    cmd: python src/stages/data_load.py
    deps:
    - path: data/raw/car_price_prediction.csv
      md5: 695c54f1b2f8c33fc911f3127f6255aa
      size: 2201879
    outs:
    - path: data/processed/car_price_prediction_.csv
      md5: 5def9df2c4c498e2a433e6bb782cc8bb
      size: 2221117
  analyze:
    cmd: python src/stages/analyze.py
    deps:
    - path: data/processed/car_price_prediction_.csv
      md5: 5def9df2c4c498e2a433e6bb782cc8bb
      size: 2221117
    outs:
    - path: data/processed/_analyzed_.csv
      md5: 1c7e2e813ba6749f5fd30d876ddd80e1
      size: 1801501
    - path: plots/analysis/box_plot.jpeg
      md5: cf5798327bf3d0780a789643c0782a33
      size: 32552
    - path: plots/analysis/gear_box_mean.jpeg
      md5: 798d1653affda57d9032d76650f93e2d
      size: 46043
    - path: plots/analysis/gear_type_distribution.jpeg
      md5: d385bc4b4374d5683fff6caabd285085
      size: 47732
    - path: plots/analysis/heatmap.jpeg
      md5: 43f83dfea7e7fff2280adf1b6a056e1c
      size: 22356
    - path: plots/analysis/manufacturer_mean.jpeg
      md5: 239730285eaa476f1b70cb1eba880af2
      size: 75759
    - path: plots/analysis/mileage_mean.jpeg
      md5: 7d086951831889432b84fd00f79d1811
      size: 46670
    - path: plots/analysis/prod_year_mean.jpeg
      md5: f98f5b64bd91d62064a40cd08ee2e37d
      size: 69429
  featurize:
    cmd: python src/stages/featurize.py
    deps:
    - path: data/processed/_analyzed_.csv
      md5: 1c7e2e813ba6749f5fd30d876ddd80e1
      size: 1801501
    outs:
    - path: data/processed/_featured_.csv
      md5: 8796b3e82423902541df28f1398864cf
      size: 34995928
  data_split:
    cmd: python src/stages/data_split.py
    deps:
    - path: data/processed/_featured_.csv
      md5: 8796b3e82423902541df28f1398864cf
      size: 34995928
    outs:
    - path: data/processed/X_test.csv
      md5: 9cf14c58a11262b9c374840bc1acdde6
      size: 17705705
    - path: data/processed/X_train.csv
      md5: 7d6d9bfeb6a2b7238396bd62f4d60550
      size: 53097103
    - path: data/processed/y_test.csv
      md5: a3fcff054576cbe8c37e9be29f831790
      size: 22221
    - path: data/processed/y_train.csv
      md5: 0fafb06617777e719c01a2b9b636c35f
      size: 66458
  train:
    cmd: python src/stages/train.py
    deps:
    - path: data/processed/X_train.csv
      md5: 7d6d9bfeb6a2b7238396bd62f4d60550
      size: 53097103
    - path: data/processed/y_train.csv
      md5: 0fafb06617777e719c01a2b9b636c35f
      size: 66458
    outs:
    - path: model/model.joblib
      md5: 23d4e97264a58a8e3584d782c6f1a97b
      size: 270795
  evaluate:
    cmd: python src/stages/evaluate.py
    deps:
    - path: model/model.joblib
      md5: 23d4e97264a58a8e3584d782c6f1a97b
      size: 270795
    outs:
    - path: metrics/metrics.json
      md5: 6afc915326f15631ffda272e9ea6e029
      size: 201
    - path: plots/evaluate/scatter_plot.jpeg
      md5: 78ccda57e9785b9bee683541a1331c1d
      size: 76662
