schema: '2.0'
stages:
  data_load:
    cmd: python src/stages/data_load.py
    deps:
    - path: data/raw/car_price_prediction.csv
      md5: 695c54f1b2f8c33fc911f3127f6255aa
      size: 2201879
    outs:
    - path: data/processed/car_price_prediction_.csv
      md5: 5def9df2c4c498e2a433e6bb782cc8bb
      size: 2221117
  analyze:
    cmd: python src/stages/analyze.py
    deps:
    - path: data/processed/car_price_prediction_.csv
      md5: 5def9df2c4c498e2a433e6bb782cc8bb
      size: 2221117
    outs:
    - path: data/processed/_analyzed_.csv
      md5: 3ad5892f9f3f0b1f0dddec2e91b15e8f
      size: 2653086
  featurize:
    cmd: python src/stages/featurize.py
    deps:
    - path: data/processed/_analyzed_.csv
      md5: 3ad5892f9f3f0b1f0dddec2e91b15e8f
      size: 2653086
    outs:
    - path: data/processed/_featured_.csv
      md5: d78bf68161872c4f10e5cccc13069cf5
      size: 62115070
  data_split:
    cmd: python src/stages/data_split.py
    deps:
    - path: data/processed/_featured_.csv
      md5: d78bf68161872c4f10e5cccc13069cf5
      size: 62115070
    outs:
    - path: data/processed/X_test.csv
      md5: 375d28a766a7387d78d8a9324e3d656d
      size: 28870952
    - path: data/processed/X_train.csv
      md5: 5aee08205502a3ef47081fa98bfe4a6d
      size: 96592088
    - path: data/processed/y_test.csv
      md5: 4369e7656a706be8617c3a580db47e53
      size: 28576
    - path: data/processed/y_train.csv
      md5: 58d6385d3b7bd43084f8eb036704e7bd
      size: 95676
  train:
    cmd: python src/stages/train.py
    deps:
    - path: data/processed/X_train.csv
      md5: 5aee08205502a3ef47081fa98bfe4a6d
      size: 96592088
    - path: data/processed/y_train.csv
      md5: 58d6385d3b7bd43084f8eb036704e7bd
      size: 95676
    outs:
    - path: model/model.joblib
      md5: f690a856457cf8c8cb58d586eb69f943
      size: 456483
  evaluate:
    cmd: python src/stages/evaluate.py
    deps:
    - path: model/model.joblib
      md5: f690a856457cf8c8cb58d586eb69f943
      size: 456483
    outs:
    - path: metrics/metrics.json
      md5: 2ca36105346efab763faf06cf32f036f
      size: 200
    - path: plots/evaluate/scatter_plot.jpeg
      md5: 00263ec33471d952e187ac9e51533740
      size: 32671
